
Microsoft Visual Studio Solution File, Format Version 12.00
Project("{2150E333-8FDC-42A3-9474-1A3956D46DE8}") = "1-Presentation", "1-Presentation", "{C9F3059E-B7B5-4E38-BCB1-A8774C7FB4E7}"
EndProject
Project("{FAE04EC0-301F-11D3-BF4B-00C04F79EFBC}") = "SalesManagement.ConsoleApp", "SalesManagement.ConsoleApp\SalesManagement.ConsoleApp.csproj", "{DEA8AC20-1347-4050-BECA-4786AB88190D}"
EndProject
Global
	GlobalSection(SolutionConfigurationPlatforms) = preSolution
		Debug|Any CPU = Debug|Any CPU
		Release|Any CPU = Release|Any CPU
	EndGlobalSection
	GlobalSection(NestedProjects) = preSolution
		{DEA8AC20-1347-4050-BECA-4786AB88190D} = {C9F3059E-B7B5-4E38-BCB1-A8774C7FB4E7}
	EndGlobalSection
	GlobalSection(ProjectConfigurationPlatforms) = postSolution
		{DEA8AC20-1347-4050-BECA-4786AB88190D}.Debug|Any CPU.ActiveCfg = Debug|Any CPU
		{DEA8AC20-1347-4050-BECA-4786AB88190D}.Debug|Any CPU.Build.0 = Debug|Any CPU
		{DEA8AC20-1347-4050-BECA-4786AB88190D}.Release|Any CPU.ActiveCfg = Release|Any CPU
		{DEA8AC20-1347-4050-BECA-4786AB88190D}.Release|Any CPU.Build.0 = Release|Any CPU
	EndGlobalSection
EndGlobal
